
Microsoft Visual Studio Solution File, Format Version 12.00
# Visual Studio 15
VisualStudioVersion = 15.0.28010.2048
MinimumVisualStudioVersion = 10.0.40219.1
Project("{FAE04EC0-301F-11D3-BF4B-00C04F79EFBC}") = "图书管理系统", "图书管理系统\图书管理系统.csproj", "{074E17F8-31EE-4300-ADF2-B1EB1B7E1D6F}"
EndProject
Global
	GlobalSection(SolutionConfigurationPlatforms) = preSolution
		Debug|Any CPU = Debug|Any CPU
		Release|Any CPU = Release|Any CPU
	EndGlobalSection
	GlobalSection(ProjectConfigurationPlatforms) = postSolution
		{074E17F8-31EE-4300-ADF2-B1EB1B7E1D6F}.Debug|Any CPU.ActiveCfg = Debug|Any CPU
		{074E17F8-31EE-4300-ADF2-B1EB1B7E1D6F}.Debug|Any CPU.Build.0 = Debug|Any CPU
		{074E17F8-31EE-4300-ADF2-B1EB1B7E1D6F}.Release|Any CPU.ActiveCfg = Release|Any CPU
		{074E17F8-31EE-4300-ADF2-B1EB1B7E1D6F}.Release|Any CPU.Build.0 = Release|Any CPU
	EndGlobalSection
	GlobalSection(SolutionProperties) = preSolution
		HideSolutionNode = FALSE
	EndGlobalSection
	GlobalSection(ExtensibilityGlobals) = postSolution
		SolutionGuid = {6B4A1906-BD20-4D9B-BBEB-7B6684B81B06}
	EndGlobalSection
EndGlobal
